{
  "name": "shadowsky-blog",
  "lockfileVersion": 3,
  "requires": true,
  "packages": {
    "": {
      "name": "shadowsky-blog",
      "dependencies": {
        "deno": "^2.8.3"
      }
    },
    "node_modules/@deno/darwin-arm64": {
      "version": "2.8.3",
      "resolved": "https://registry.npmmirror.com/@deno/darwin-arm64/-/darwin-arm64-2.8.3.tgz",
      "integrity": "sha512-X1nL8PwiApngEwHjsxARrkH3IF4otKBughsmHtzsu9R5ufah1fBDPLOYBnJHSapAD+nlihPsr0Yp2bV61cDbgQ==",
      "cpu": [
        "arm64"
      ],
      "license": "MIT",
      "optional": true,
      "os": [
        "darwin"
      ]
    },
    "node_modules/@deno/darwin-x64": {
      "version": "2.8.3",
      "resolved": "https://registry.npmmirror.com/@deno/darwin-x64/-/darwin-x64-2.8.3.tgz",
      "integrity": "sha512-qF+TSsqAUoNrgJEsM0OYz5hthvsApuv0tOgAQTrq3VDPr1RYFLTJXyy06nIibSd4aE0D9Mqlwr5abErrp54VJQ==",
      "cpu": [
        "x64"
      ],
      "license": "MIT",
      "optional": true,
      "os": [
        "darwin"
      ]
    },
    "node_modules/@deno/linux-arm64-glibc": {
      "version": "2.8.3",
      "resolved": "https://registry.npmmirror.com/@deno/linux-arm64-glibc/-/linux-arm64-glibc-2.8.3.tgz",
      "integrity": "sha512-w/Cj3d/jxzMDbmK3G5YiGQMDIFK/L69hPeweSgM4DoUnWHHyCyQ++DLZMJxYkyDC7a6bO5JVIEofCTZooYCFGQ==",
      "cpu": [
        "arm64"
      ],
      "libc": [
        "glibc"
      ],
      "license": "MIT",
      "optional": true,
      "os": [
        "linux"
      ]
    },
    "node_modules/@deno/linux-x64-glibc": {
      "version": "2.8.3",
      "resolved": "https://registry.npmmirror.com/@deno/linux-x64-glibc/-/linux-x64-glibc-2.8.3.tgz",
      "integrity": "sha512-73K6NpAFfGyEJ84nSSPECKilO1+gaEnNU90p/ebluWJBUFJ3HfpUgRxjG6hNXhVLuGDmp0u+2C00Cz6lbW4X+A==",
      "cpu": [
        "x64"
      ],
      "libc": [
        "glibc"
      ],
      "license": "MIT",
      "optional": true,
      "os": [
        "linux"
      ]
    },
    "node_modules/@deno/win32-arm64": {
      "version": "2.8.3",
      "resolved": "https://registry.npmmirror.com/@deno/win32-arm64/-/win32-arm64-2.8.3.tgz",
      "integrity": "sha512-ik+NcDyUMl3SmP1acrLnI/PvtAsATofuXAZTIovXetYV5LnM5zD7xya1iRKOmornr6k0k5ZcrREvyoR50q2FEA==",
      "cpu": [
        "arm64"
      ],
      "license": "MIT",
      "optional": true,
      "os": [
        "win32"
      ]
    },
    "node_modules/@deno/win32-x64": {
      "version": "2.8.3",
      "resolved": "https://registry.npmmirror.com/@deno/win32-x64/-/win32-x64-2.8.3.tgz",
      "integrity": "sha512-T8PT3vwXqUbf/HiKi+NuHobZZm4qNJk7zfSRubjGe+AY384YsiwYq5Lm0Esj3eB+OzUqDqSe7z+ItiyVqbJtLw==",
      "cpu": [
        "x64"
      ],
      "license": "MIT",
      "optional": true,
      "os": [
        "win32"
      ]
    },
    "node_modules/deno": {
      "version": "2.8.3",
      "resolved": "https://registry.npmmirror.com/deno/-/deno-2.8.3.tgz",
      "integrity": "sha512-k9G9EdoqBMOqtNatz/1s9daVedzVonMM/Cz2RTEG4e94p3ja+qKo6nJTa1WtpS0SXDHboSJg1ZTEsVkZJGeINw==",
      "hasInstallScript": true,
      "license": "MIT",
      "bin": {
        "deno": "bin.cjs"
      },
      "optionalDependencies": {
        "@deno/darwin-arm64": "2.8.3",
        "@deno/darwin-x64": "2.8.3",
        "@deno/linux-arm64-glibc": "2.8.3",
        "@deno/linux-x64-glibc": "2.8.3",
        "@deno/win32-arm64": "2.8.3",
        "@deno/win32-x64": "2.8.3"
      }
    }
  }
}
